
Microsoft Visual Studio Solution File, Format Version 12.00
# Visual Studio Version 16
VisualStudioVersion = 16.0.810.11
MinimumVisualStudioVersion = 10.0.40219.1
Project("{FAE04EC0-301F-11D3-BF4B-00C04F79EFBC}") = "VirtualPets", "VirtualPets\VirtualPets.csproj", "{99CCF340-7EB6-4EC1-B1AA-21AD4BB898A5}"
EndProject
Global
	GlobalSection(SolutionConfigurationPlatforms) = preSolution
		Debug|Any CPU = Debug|Any CPU
		Release|Any CPU = Release|Any CPU
	EndGlobalSection
	GlobalSection(ProjectConfigurationPlatforms) = postSolution
		{99CCF340-7EB6-4EC1-B1AA-21AD4BB898A5}.Debug|Any CPU.ActiveCfg = Debug|Any CPU
		{99CCF340-7EB6-4EC1-B1AA-21AD4BB898A5}.Debug|Any CPU.Build.0 = Debug|Any CPU
		{99CCF340-7EB6-4EC1-B1AA-21AD4BB898A5}.Release|Any CPU.ActiveCfg = Release|Any CPU
		{99CCF340-7EB6-4EC1-B1AA-21AD4BB898A5}.Release|Any CPU.Build.0 = Release|Any CPU
	EndGlobalSection
	GlobalSection(SolutionProperties) = preSolution
		HideSolutionNode = FALSE
	EndGlobalSection
	GlobalSection(ExtensibilityGlobals) = postSolution
		SolutionGuid = {41F725B9-607B-4BBB-A67D-2408518698E6}
	EndGlobalSection
EndGlobal
